
Microsoft Visual Studio Solution File, Format Version 12.00
# Visual Studio 14
VisualStudioVersion = 14.0.25420.1
MinimumVisualStudioVersion = 10.0.40219.1
Project("{FAE04EC0-301F-11D3-BF4B-00C04F79EFBC}") = "Smart_Garden.Droid", "Smart_Garden\Smart_Garden.Droid\Smart_Garden.Droid.csproj", "{F3F46540-F758-43AC-8B4C-1629AB1B2838}"
EndProject
Project("{FAE04EC0-301F-11D3-BF4B-00C04F79EFBC}") = "Smart_Garden.iOS", "Smart_Garden\Smart_Garden.iOS\Smart_Garden.iOS.csproj", "{98F8A960-70D7-41D5-80A3-CB5BA602A43C}"
EndProject
Project("{FAE04EC0-301F-11D3-BF4B-00C04F79EFBC}") = "Smart_Garden", "Smart_Garden\Smart_Garden\Smart_Garden.csproj", "{256848D8-EA32-45BF-B2D3-EF06E8FB18B1}"
EndProject
Project("{FAE04EC0-301F-11D3-BF4B-00C04F79EFBC}") = "Tests", "Tests\Tests.csproj", "{4466D40C-0FC4-484B-BB65-5DE3DB409D2A}"
EndProject
Global
	GlobalSection(SolutionConfigurationPlatforms) = preSolution
		Ad-Hoc|Any CPU = Ad-Hoc|Any CPU
		Ad-Hoc|ARM = Ad-Hoc|ARM
		Ad-Hoc|iPhone = Ad-Hoc|iPhone
		Ad-Hoc|iPhoneSimulator = Ad-Hoc|iPhoneSimulator
		Ad-Hoc|x64 = Ad-Hoc|x64
		Ad-Hoc|x86 = Ad-Hoc|x86
		AppStore|Any CPU = AppStore|Any CPU
		AppStore|ARM = AppStore|ARM
		AppStore|iPhone = AppStore|iPhone
		AppStore|iPhoneSimulator = AppStore|iPhoneSimulator
		AppStore|x64 = AppStore|x64
		AppStore|x86 = AppStore|x86
		Debug|Any CPU = Debug|Any CPU
		Debug|ARM = Debug|ARM
		Debug|iPhone = Debug|iPhone
		Debug|iPhoneSimulator = Debug|iPhoneSimulator
		Debug|x64 = Debug|x64
		Debug|x86 = Debug|x86
		Release|Any CPU = Release|Any CPU
		Release|ARM = Release|ARM
		Release|iPhone = Release|iPhone
		Release|iPhoneSimulator = Release|iPhoneSimulator
		Release|x64 = Release|x64
		Release|x86 = Release|x86
	EndGlobalSection
	GlobalSection(ProjectConfigurationPlatforms) = postSolution
		{F3F46540-F758-43AC-8B4C-1629AB1B2838}.Ad-Hoc|Any CPU.ActiveCfg = Release|Any CPU
		{F3F46540-F758-43AC-8B4C-1629AB1B2838}.Ad-Hoc|Any CPU.Build.0 = Release|Any CPU
		{F3F46540-F758-43AC-8B4C-1629AB1B2838}.Ad-Hoc|Any CPU.Deploy.0 = Release|Any CPU
		{F3F46540-F758-43AC-8B4C-1629AB1B2838}.Ad-Hoc|ARM.ActiveCfg = Release|Any CPU
		{F3F46540-F758-43AC-8B4C-1629AB1B2838}.Ad-Hoc|ARM.Build.0 = Release|Any CPU
		{F3F46540-F758-43AC-8B4C-1629AB1B2838}.Ad-Hoc|ARM.Deploy.0 = Release|Any CPU
		{F3F46540-F758-43AC-8B4C-1629AB1B2838}.Ad-Hoc|iPhone.ActiveCfg = Release|Any CPU
		{F3F46540-F758-43AC-8B4C-1629AB1B2838}.Ad-Hoc|iPhone.Build.0 = Release|Any CPU
		{F3F46540-F758-43AC-8B4C-1629AB1B2838}.Ad-Hoc|iPhone.Deploy.0 = Release|Any CPU
		{F3F46540-F758-43AC-8B4C-1629AB1B2838}.Ad-Hoc|iPhoneSimulator.ActiveCfg = Release|Any CPU
		{F3F46540-F758-43AC-8B4C-1629AB1B2838}.Ad-Hoc|iPhoneSimulator.Build.0 = Release|Any CPU
		{F3F46540-F758-43AC-8B4C-1629AB1B2838}.Ad-Hoc|iPhoneSimulator.Deploy.0 = Release|Any CPU
		{F3F46540-F758-43AC-8B4C-1629AB1B2838}.Ad-Hoc|x64.ActiveCfg = Release|Any CPU
		{F3F46540-F758-43AC-8B4C-1629AB1B2838}.Ad-Hoc|x64.Build.0 = Release|Any CPU
		{F3F46540-F758-43AC-8B4C-1629AB1B2838}.Ad-Hoc|x64.Deploy.0 = Release|Any CPU
		{F3F46540-F758-43AC-8B4C-1629AB1B2838}.Ad-Hoc|x86.ActiveCfg = Release|Any CPU
		{F3F46540-F758-43AC-8B4C-1629AB1B2838}.Ad-Hoc|x86.Build.0 = Release|Any CPU
		{F3F46540-F758-43AC-8B4C-1629AB1B2838}.Ad-Hoc|x86.Deploy.0 = Release|Any CPU
		{F3F46540-F758-43AC-8B4C-1629AB1B2838}.AppStore|Any CPU.ActiveCfg = Release|Any CPU
		{F3F46540-F758-43AC-8B4C-1629AB1B2838}.AppStore|Any CPU.Build.0 = Release|Any CPU
		{F3F46540-F758-43AC-8B4C-1629AB1B2838}.AppStore|Any CPU.Deploy.0 = Release|Any CPU
		{F3F46540-F758-43AC-8B4C-1629AB1B2838}.AppStore|ARM.ActiveCfg = Release|Any CPU
		{F3F46540-F758-43AC-8B4C-1629AB1B2838}.AppStore|ARM.Build.0 = Release|Any CPU
		{F3F46540-F758-43AC-8B4C-1629AB1B2838}.AppStore|ARM.Deploy.0 = Release|Any CPU
		{F3F46540-F758-43AC-8B4C-1629AB1B2838}.AppStore|iPhone.ActiveCfg = Release|Any CPU
		{F3F46540-F758-43AC-8B4C-1629AB1B2838}.AppStore|iPhone.Build.0 = Release|Any CPU
		{F3F46540-F758-43AC-8B4C-1629AB1B2838}.AppStore|iPhone.Deploy.0 = Release|Any CPU
		{F3F46540-F758-43AC-8B4C-1629AB1B2838}.AppStore|iPhoneSimulator.ActiveCfg = Release|Any CPU
		{F3F46540-F758-43AC-8B4C-1629AB1B2838}.AppStore|iPhoneSimulator.Build.0 = Release|Any CPU
		{F3F46540-F758-43AC-8B4C-1629AB1B2838}.AppStore|iPhoneSimulator.Deploy.0 = Release|Any CPU
		{F3F46540-F758-43AC-8B4C-1629AB1B2838}.AppStore|x64.ActiveCfg = Release|Any CPU
		{F3F46540-F758-43AC-8B4C-1629AB1B2838}.AppStore|x64.Build.0 = Release|Any CPU
		{F3F46540-F758-43AC-8B4C-1629AB1B2838}.AppStore|x64.Deploy.0 = Release|Any CPU
		{F3F46540-F758-43AC-8B4C-1629AB1B2838}.AppStore|x86.ActiveCfg = Release|Any CPU
		{F3F46540-F758-43AC-8B4C-1629AB1B2838}.AppStore|x86.Build.0 = Release|Any CPU
		{F3F46540-F758-43AC-8B4C-1629AB1B2838}.AppStore|x86.Deploy.0 = Release|Any CPU
		{F3F46540-F758-43AC-8B4C-1629AB1B2838}.Debug|Any CPU.ActiveCfg = Debug|Any CPU
		{F3F46540-F758-43AC-8B4C-1629AB1B2838}.Debug|Any CPU.Build.0 = Debug|Any CPU
		{F3F46540-F758-43AC-8B4C-1629AB1B2838}.Debug|Any CPU.Deploy.0 = Debug|Any CPU
		{F3F46540-F758-43AC-8B4C-1629AB1B2838}.Debug|ARM.ActiveCfg = Debug|Any CPU
		{F3F46540-F758-43AC-8B4C-1629AB1B2838}.Debug|ARM.Build.0 = Debug|Any CPU
		{F3F46540-F758-43AC-8B4C-1629AB1B2838}.Debug|ARM.Deploy.0 = Debug|Any CPU
		{F3F46540-F758-43AC-8B4C-1629AB1B2838}.Debug|iPhone.ActiveCfg = Debug|Any CPU
		{F3F46540-F758-43AC-8B4C-1629AB1B2838}.Debug|iPhone.Build.0 = Debug|Any CPU
		{F3F46540-F758-43AC-8B4C-1629AB1B2838}.Debug|iPhone.Deploy.0 = Debug|Any CPU
		{F3F46540-F758-43AC-8B4C-1629AB1B2838}.Debug|iPhoneSimulator.ActiveCfg = Debug|Any CPU
		{F3F46540-F758-43AC-8B4C-1629AB1B2838}.Debug|iPhoneSimulator.Build.0 = Debug|Any CPU
		{F3F46540-F758-43AC-8B4C-1629AB1B2838}.Debug|iPhoneSimulator.Deploy.0 = Debug|Any CPU
		{F3F46540-F758-43AC-8B4C-1629AB1B2838}.Debug|x64.ActiveCfg = Debug|Any CPU
		{F3F46540-F758-43AC-8B4C-1629AB1B2838}.Debug|x64.Build.0 = Debug|Any CPU
		{F3F46540-F758-43AC-8B4C-1629AB1B2838}.Debug|x64.Deploy.0 = Debug|Any CPU
		{F3F46540-F758-43AC-8B4C-1629AB1B2838}.Debug|x86.ActiveCfg = Debug|Any CPU
		{F3F46540-F758-43AC-8B4C-1629AB1B2838}.Debug|x86.Build.0 = Debug|Any CPU
		{F3F46540-F758-43AC-8B4C-1629AB1B2838}.Debug|x86.Deploy.0 = Debug|Any CPU
		{F3F46540-F758-43AC-8B4C-1629AB1B2838}.Release|Any CPU.ActiveCfg = Release|Any CPU
		{F3F46540-F758-43AC-8B4C-1629AB1B2838}.Release|Any CPU.Build.0 = Release|Any CPU
		{F3F46540-F758-43AC-8B4C-1629AB1B2838}.Release|Any CPU.Deploy.0 = Release|Any CPU
		{F3F46540-F758-43AC-8B4C-1629AB1B2838}.Release|ARM.ActiveCfg = Release|Any CPU
		{F3F46540-F758-43AC-8B4C-1629AB1B2838}.Release|ARM.Build.0 = Release|Any CPU
		{F3F46540-F758-43AC-8B4C-1629AB1B2838}.Release|ARM.Deploy.0 = Release|Any CPU
		{F3F46540-F758-43AC-8B4C-1629AB1B2838}.Release|iPhone.ActiveCfg = Release|Any CPU
		{F3F46540-F758-43AC-8B4C-1629AB1B2838}.Release|iPhone.Build.0 = Release|Any CPU
		{F3F46540-F758-43AC-8B4C-1629AB1B2838}.Release|iPhone.Deploy.0 = Release|Any CPU
		{F3F46540-F758-43AC-8B4C-1629AB1B2838}.Release|iPhoneSimulator.ActiveCfg = Release|Any CPU
		{F3F46540-F758-43AC-8B4C-1629AB1B2838}.Release|iPhoneSimulator.Build.0 = Release|Any CPU
		{F3F46540-F758-43AC-8B4C-1629AB1B2838}.Release|iPhoneSimulator.Deploy.0 = Release|Any CPU
		{F3F46540-F758-43AC-8B4C-1629AB1B2838}.Release|x64.ActiveCfg = Release|Any CPU
		{F3F46540-F758-43AC-8B4C-1629AB1B2838}.Release|x64.Build.0 = Release|Any CPU
		{F3F46540-F758-43AC-8B4C-1629AB1B2838}.Release|x64.Deploy.0 = Release|Any CPU
		{F3F46540-F758-43AC-8B4C-1629AB1B2838}.Release|x86.ActiveCfg = Release|Any CPU
		{F3F46540-F758-43AC-8B4C-1629AB1B2838}.Release|x86.Build.0 = Release|Any CPU
		{F3F46540-F758-43AC-8B4C-1629AB1B2838}.Release|x86.Deploy.0 = Release|Any CPU
		{98F8A960-70D7-41D5-80A3-CB5BA602A43C}.Ad-Hoc|Any CPU.ActiveCfg = Ad-Hoc|iPhone
		{98F8A960-70D7-41D5-80A3-CB5BA602A43C}.Ad-Hoc|ARM.ActiveCfg = Ad-Hoc|iPhone
		{98F8A960-70D7-41D5-80A3-CB5BA602A43C}.Ad-Hoc|iPhone.ActiveCfg = Ad-Hoc|iPhone
		{98F8A960-70D7-41D5-80A3-CB5BA602A43C}.Ad-Hoc|iPhone.Build.0 = Ad-Hoc|iPhone
		{98F8A960-70D7-41D5-80A3-CB5BA602A43C}.Ad-Hoc|iPhoneSimulator.ActiveCfg = Ad-Hoc|iPhoneSimulator
		{98F8A960-70D7-41D5-80A3-CB5BA602A43C}.Ad-Hoc|iPhoneSimulator.Build.0 = Ad-Hoc|iPhoneSimulator
		{98F8A960-70D7-41D5-80A3-CB5BA602A43C}.Ad-Hoc|x64.ActiveCfg = Ad-Hoc|iPhone
		{98F8A960-70D7-41D5-80A3-CB5BA602A43C}.Ad-Hoc|x86.ActiveCfg = Ad-Hoc|iPhone
		{98F8A960-70D7-41D5-80A3-CB5BA602A43C}.AppStore|Any CPU.ActiveCfg = AppStore|iPhone
		{98F8A960-70D7-41D5-80A3-CB5BA602A43C}.AppStore|ARM.ActiveCfg = AppStore|iPhone
		{98F8A960-70D7-41D5-80A3-CB5BA602A43C}.AppStore|iPhone.ActiveCfg = AppStore|iPhone
		{98F8A960-70D7-41D5-80A3-CB5BA602A43C}.AppStore|iPhone.Build.0 = AppStore|iPhone
		{98F8A960-70D7-41D5-80A3-CB5BA602A43C}.AppStore|iPhoneSimulator.ActiveCfg = AppStore|iPhoneSimulator
		{98F8A960-70D7-41D5-80A3-CB5BA602A43C}.AppStore|iPhoneSimulator.Build.0 = AppStore|iPhoneSimulator
		{98F8A960-70D7-41D5-80A3-CB5BA602A43C}.AppStore|x64.ActiveCfg = AppStore|iPhone
		{98F8A960-70D7-41D5-80A3-CB5BA602A43C}.AppStore|x86.ActiveCfg = AppStore|iPhone
		{98F8A960-70D7-41D5-80A3-CB5BA602A43C}.Debug|Any CPU.ActiveCfg = Debug|iPhone
		{98F8A960-70D7-41D5-80A3-CB5BA602A43C}.Debug|ARM.ActiveCfg = Debug|iPhone
		{98F8A960-70D7-41D5-80A3-CB5BA602A43C}.Debug|iPhone.ActiveCfg = Debug|iPhone
		{98F8A960-70D7-41D5-80A3-CB5BA602A43C}.Debug|iPhone.Build.0 = Debug|iPhone
		{98F8A960-70D7-41D5-80A3-CB5BA602A43C}.Debug|iPhoneSimulator.ActiveCfg = Debug|iPhoneSimulator
		{98F8A960-70D7-41D5-80A3-CB5BA602A43C}.Debug|iPhoneSimulator.Build.0 = Debug|iPhoneSimulator
		{98F8A960-70D7-41D5-80A3-CB5BA602A43C}.Debug|x64.ActiveCfg = Debug|iPhone
		{98F8A960-70D7-41D5-80A3-CB5BA602A43C}.Debug|x86.ActiveCfg = Debug|iPhone
		{98F8A960-70D7-41D5-80A3-CB5BA602A43C}.Release|Any CPU.ActiveCfg = Release|iPhone
		{98F8A960-70D7-41D5-80A3-CB5BA602A43C}.Release|ARM.ActiveCfg = Release|iPhone
		{98F8A960-70D7-41D5-80A3-CB5BA602A43C}.Release|iPhone.ActiveCfg = Release|iPhone
		{98F8A960-70D7-41D5-80A3-CB5BA602A43C}.Release|iPhone.Build.0 = Release|iPhone
		{98F8A960-70D7-41D5-80A3-CB5BA602A43C}.Release|iPhoneSimulator.ActiveCfg = Release|iPhoneSimulator
		{98F8A960-70D7-41D5-80A3-CB5BA602A43C}.Release|iPhoneSimulator.Build.0 = Release|iPhoneSimulator
		{98F8A960-70D7-41D5-80A3-CB5BA602A43C}.Release|x64.ActiveCfg = Release|iPhone
		{98F8A960-70D7-41D5-80A3-CB5BA602A43C}.Release|x86.ActiveCfg = Release|iPhone
		{256848D8-EA32-45BF-B2D3-EF06E8FB18B1}.Ad-Hoc|Any CPU.ActiveCfg = Release|Any CPU
		{256848D8-EA32-45BF-B2D3-EF06E8FB18B1}.Ad-Hoc|Any CPU.Build.0 = Release|Any CPU
		{256848D8-EA32-45BF-B2D3-EF06E8FB18B1}.Ad-Hoc|ARM.ActiveCfg = Release|Any CPU
		{256848D8-EA32-45BF-B2D3-EF06E8FB18B1}.Ad-Hoc|ARM.Build.0 = Release|Any CPU
		{256848D8-EA32-45BF-B2D3-EF06E8FB18B1}.Ad-Hoc|iPhone.ActiveCfg = Release|Any CPU
		{256848D8-EA32-45BF-B2D3-EF06E8FB18B1}.Ad-Hoc|iPhone.Build.0 = Release|Any CPU
		{256848D8-EA32-45BF-B2D3-EF06E8FB18B1}.Ad-Hoc|iPhoneSimulator.ActiveCfg = Release|Any CPU
		{256848D8-EA32-45BF-B2D3-EF06E8FB18B1}.Ad-Hoc|iPhoneSimulator.Build.0 = Release|Any CPU
		{256848D8-EA32-45BF-B2D3-EF06E8FB18B1}.Ad-Hoc|x64.ActiveCfg = Release|Any CPU
		{256848D8-EA32-45BF-B2D3-EF06E8FB18B1}.Ad-Hoc|x64.Build.0 = Release|Any CPU
		{256848D8-EA32-45BF-B2D3-EF06E8FB18B1}.Ad-Hoc|x86.ActiveCfg = Release|Any CPU
		{256848D8-EA32-45BF-B2D3-EF06E8FB18B1}.Ad-Hoc|x86.Build.0 = Release|Any CPU
		{256848D8-EA32-45BF-B2D3-EF06E8FB18B1}.AppStore|Any CPU.ActiveCfg = Release|Any CPU
		{256848D8-EA32-45BF-B2D3-EF06E8FB18B1}.AppStore|Any CPU.Build.0 = Release|Any CPU
		{256848D8-EA32-45BF-B2D3-EF06E8FB18B1}.AppStore|ARM.ActiveCfg = Release|Any CPU
		{256848D8-EA32-45BF-B2D3-EF06E8FB18B1}.AppStore|ARM.Build.0 = Release|Any CPU
		{256848D8-EA32-45BF-B2D3-EF06E8FB18B1}.AppStore|iPhone.ActiveCfg = Release|Any CPU
		{256848D8-EA32-45BF-B2D3-EF06E8FB18B1}.AppStore|iPhone.Build.0 = Release|Any CPU
		{256848D8-EA32-45BF-B2D3-EF06E8FB18B1}.AppStore|iPhoneSimulator.ActiveCfg = Release|Any CPU
		{256848D8-EA32-45BF-B2D3-EF06E8FB18B1}.AppStore|iPhoneSimulator.Build.0 = Release|Any CPU
		{256848D8-EA32-45BF-B2D3-EF06E8FB18B1}.AppStore|x64.ActiveCfg = Release|Any CPU
		{256848D8-EA32-45BF-B2D3-EF06E8FB18B1}.AppStore|x64.Build.0 = Release|Any CPU
		{256848D8-EA32-45BF-B2D3-EF06E8FB18B1}.AppStore|x86.ActiveCfg = Release|Any CPU
		{256848D8-EA32-45BF-B2D3-EF06E8FB18B1}.AppStore|x86.Build.0 = Release|Any CPU
		{256848D8-EA32-45BF-B2D3-EF06E8FB18B1}.Debug|Any CPU.ActiveCfg = Debug|Any CPU
		{256848D8-EA32-45BF-B2D3-EF06E8FB18B1}.Debug|Any CPU.Build.0 = Debug|Any CPU
		{256848D8-EA32-45BF-B2D3-EF06E8FB18B1}.Debug|ARM.ActiveCfg = Debug|Any CPU
		{256848D8-EA32-45BF-B2D3-EF06E8FB18B1}.Debug|ARM.Build.0 = Debug|Any CPU
		{256848D8-EA32-45BF-B2D3-EF06E8FB18B1}.Debug|iPhone.ActiveCfg = Debug|Any CPU
		{256848D8-EA32-45BF-B2D3-EF06E8FB18B1}.Debug|iPhone.Build.0 = Debug|Any CPU
		{256848D8-EA32-45BF-B2D3-EF06E8FB18B1}.Debug|iPhoneSimulator.ActiveCfg = Debug|Any CPU
		{256848D8-EA32-45BF-B2D3-EF06E8FB18B1}.Debug|iPhoneSimulator.Build.0 = Debug|Any CPU
		{256848D8-EA32-45BF-B2D3-EF06E8FB18B1}.Debug|x64.ActiveCfg = Debug|Any CPU
		{256848D8-EA32-45BF-B2D3-EF06E8FB18B1}.Debug|x64.Build.0 = Debug|Any CPU
		{256848D8-EA32-45BF-B2D3-EF06E8FB18B1}.Debug|x86.ActiveCfg = Debug|Any CPU
		{256848D8-EA32-45BF-B2D3-EF06E8FB18B1}.Debug|x86.Build.0 = Debug|Any CPU
		{256848D8-EA32-45BF-B2D3-EF06E8FB18B1}.Release|Any CPU.ActiveCfg = Release|Any CPU
		{256848D8-EA32-45BF-B2D3-EF06E8FB18B1}.Release|Any CPU.Build.0 = Release|Any CPU
		{256848D8-EA32-45BF-B2D3-EF06E8FB18B1}.Release|ARM.ActiveCfg = Release|Any CPU
		{256848D8-EA32-45BF-B2D3-EF06E8FB18B1}.Release|ARM.Build.0 = Release|Any CPU
		{256848D8-EA32-45BF-B2D3-EF06E8FB18B1}.Release|iPhone.ActiveCfg = Release|Any CPU
		{256848D8-EA32-45BF-B2D3-EF06E8FB18B1}.Release|iPhone.Build.0 = Release|Any CPU
		{256848D8-EA32-45BF-B2D3-EF06E8FB18B1}.Release|iPhoneSimulator.ActiveCfg = Release|Any CPU
		{256848D8-EA32-45BF-B2D3-EF06E8FB18B1}.Release|iPhoneSimulator.Build.0 = Release|Any CPU
		{256848D8-EA32-45BF-B2D3-EF06E8FB18B1}.Release|x64.ActiveCfg = Release|Any CPU
		{256848D8-EA32-45BF-B2D3-EF06E8FB18B1}.Release|x64.Build.0 = Release|Any CPU
		{256848D8-EA32-45BF-B2D3-EF06E8FB18B1}.Release|x86.ActiveCfg = Release|Any CPU
		{256848D8-EA32-45BF-B2D3-EF06E8FB18B1}.Release|x86.Build.0 = Release|Any CPU
		{4466D40C-0FC4-484B-BB65-5DE3DB409D2A}.Ad-Hoc|Any CPU.ActiveCfg = Release|Any CPU
		{4466D40C-0FC4-484B-BB65-5DE3DB409D2A}.Ad-Hoc|Any CPU.Build.0 = Release|Any CPU
		{4466D40C-0FC4-484B-BB65-5DE3DB409D2A}.Ad-Hoc|ARM.ActiveCfg = Release|Any CPU
		{4466D40C-0FC4-484B-BB65-5DE3DB409D2A}.Ad-Hoc|ARM.Build.0 = Release|Any CPU
		{4466D40C-0FC4-484B-BB65-5DE3DB409D2A}.Ad-Hoc|iPhone.ActiveCfg = Release|Any CPU
		{4466D40C-0FC4-484B-BB65-5DE3DB409D2A}.Ad-Hoc|iPhone.Build.0 = Release|Any CPU
		{4466D40C-0FC4-484B-BB65-5DE3DB409D2A}.Ad-Hoc|iPhoneSimulator.ActiveCfg = Release|Any CPU
		{4466D40C-0FC4-484B-BB65-5DE3DB409D2A}.Ad-Hoc|iPhoneSimulator.Build.0 = Release|Any CPU
		{4466D40C-0FC4-484B-BB65-5DE3DB409D2A}.Ad-Hoc|x64.ActiveCfg = Release|Any CPU
		{4466D40C-0FC4-484B-BB65-5DE3DB409D2A}.Ad-Hoc|x64.Build.0 = Release|Any CPU
		{4466D40C-0FC4-484B-BB65-5DE3DB409D2A}.Ad-Hoc|x86.ActiveCfg = Release|Any CPU
		{4466D40C-0FC4-484B-BB65-5DE3DB409D2A}.Ad-Hoc|x86.Build.0 = Release|Any CPU
		{4466D40C-0FC4-484B-BB65-5DE3DB409D2A}.AppStore|Any CPU.ActiveCfg = Release|Any CPU
		{4466D40C-0FC4-484B-BB65-5DE3DB409D2A}.AppStore|Any CPU.Build.0 = Release|Any CPU
		{4466D40C-0FC4-484B-BB65-5DE3DB409D2A}.AppStore|ARM.ActiveCfg = Release|Any CPU
		{4466D40C-0FC4-484B-BB65-5DE3DB409D2A}.AppStore|ARM.Build.0 = Release|Any CPU
		{4466D40C-0FC4-484B-BB65-5DE3DB409D2A}.AppStore|iPhone.ActiveCfg = Release|Any CPU
		{4466D40C-0FC4-484B-BB65-5DE3DB409D2A}.AppStore|iPhone.Build.0 = Release|Any CPU
		{4466D40C-0FC4-484B-BB65-5DE3DB409D2A}.AppStore|iPhoneSimulator.ActiveCfg = Release|Any CPU
		{4466D40C-0FC4-484B-BB65-5DE3DB409D2A}.AppStore|iPhoneSimulator.Build.0 = Release|Any CPU
		{4466D40C-0FC4-484B-BB65-5DE3DB409D2A}.AppStore|x64.ActiveCfg = Release|Any CPU
		{4466D40C-0FC4-484B-BB65-5DE3DB409D2A}.AppStore|x64.Build.0 = Release|Any CPU
		{4466D40C-0FC4-484B-BB65-5DE3DB409D2A}.AppStore|x86.ActiveCfg = Release|Any CPU
		{4466D40C-0FC4-484B-BB65-5DE3DB409D2A}.AppStore|x86.Build.0 = Release|Any CPU
		{4466D40C-0FC4-484B-BB65-5DE3DB409D2A}.Debug|Any CPU.ActiveCfg = Debug|Any CPU
		{4466D40C-0FC4-484B-BB65-5DE3DB409D2A}.Debug|Any CPU.Build.0 = Debug|Any CPU
		{4466D40C-0FC4-484B-BB65-5DE3DB409D2A}.Debug|ARM.ActiveCfg = Debug|Any CPU
		{4466D40C-0FC4-484B-BB65-5DE3DB409D2A}.Debug|ARM.Build.0 = Debug|Any CPU
		{4466D40C-0FC4-484B-BB65-5DE3DB409D2A}.Debug|iPhone.ActiveCfg = Debug|Any CPU
		{4466D40C-0FC4-484B-BB65-5DE3DB409D2A}.Debug|iPhone.Build.0 = Debug|Any CPU
		{4466D40C-0FC4-484B-BB65-5DE3DB409D2A}.Debug|iPhoneSimulator.ActiveCfg = Debug|Any CPU
		{4466D40C-0FC4-484B-BB65-5DE3DB409D2A}.Debug|iPhoneSimulator.Build.0 = Debug|Any CPU
		{4466D40C-0FC4-484B-BB65-5DE3DB409D2A}.Debug|x64.ActiveCfg = Debug|Any CPU
		{4466D40C-0FC4-484B-BB65-5DE3DB409D2A}.Debug|x64.Build.0 = Debug|Any CPU
		{4466D40C-0FC4-484B-BB65-5DE3DB409D2A}.Debug|x86.ActiveCfg = Debug|Any CPU
		{4466D40C-0FC4-484B-BB65-5DE3DB409D2A}.Debug|x86.Build.0 = Debug|Any CPU
		{4466D40C-0FC4-484B-BB65-5DE3DB409D2A}.Release|Any CPU.ActiveCfg = Release|Any CPU
		{4466D40C-0FC4-484B-BB65-5DE3DB409D2A}.Release|Any CPU.Build.0 = Release|Any CPU
		{4466D40C-0FC4-484B-BB65-5DE3DB409D2A}.Release|ARM.ActiveCfg = Release|Any CPU
		{4466D40C-0FC4-484B-BB65-5DE3DB409D2A}.Release|ARM.Build.0 = Release|Any CPU
		{4466D40C-0FC4-484B-BB65-5DE3DB409D2A}.Release|iPhone.ActiveCfg = Release|Any CPU
		{4466D40C-0FC4-484B-BB65-5DE3DB409D2A}.Release|iPhone.Build.0 = Release|Any CPU
		{4466D40C-0FC4-484B-BB65-5DE3DB409D2A}.Release|iPhoneSimulator.ActiveCfg = Release|Any CPU
		{4466D40C-0FC4-484B-BB65-5DE3DB409D2A}.Release|iPhoneSimulator.Build.0 = Release|Any CPU
		{4466D40C-0FC4-484B-BB65-5DE3DB409D2A}.Release|x64.ActiveCfg = Release|Any CPU
		{4466D40C-0FC4-484B-BB65-5DE3DB409D2A}.Release|x64.Build.0 = Release|Any CPU
		{4466D40C-0FC4-484B-BB65-5DE3DB409D2A}.Release|x86.ActiveCfg = Release|Any CPU
		{4466D40C-0FC4-484B-BB65-5DE3DB409D2A}.Release|x86.Build.0 = Release|Any CPU
	EndGlobalSection
	GlobalSection(SolutionProperties) = preSolution
		HideSolutionNode = FALSE
	EndGlobalSection
EndGlobal
