
Microsoft Visual Studio Solution File, Format Version 12.00
# Visual Studio 14
VisualStudioVersion = 14.0.25420.1
MinimumVisualStudioVersion = 10.0.40219.1
Project("{FAE04EC0-301F-11D3-BF4B-00C04F79EFBC}") = "Smart_Garden.DataLayer", "Smart_Garden.DataLayer\Smart_Garden.DataLayer.csproj", "{817D68D8-4A45-4789-A8AF-76F4CF108425}"
EndProject
Project("{FAE04EC0-301F-11D3-BF4B-00C04F79EFBC}") = "Smart_Garden.Model", "Smart_Garden.Model\Smart_Garden.Model.csproj", "{77C40037-D21D-410C-8A5B-8368BCB2090E}"
EndProject
Global
	GlobalSection(SolutionConfigurationPlatforms) = preSolution
		Debug|Any CPU = Debug|Any CPU
		Release|Any CPU = Release|Any CPU
	EndGlobalSection
	GlobalSection(ProjectConfigurationPlatforms) = postSolution
		{817D68D8-4A45-4789-A8AF-76F4CF108425}.Debug|Any CPU.ActiveCfg = Debug|Any CPU
		{817D68D8-4A45-4789-A8AF-76F4CF108425}.Debug|Any CPU.Build.0 = Debug|Any CPU
		{817D68D8-4A45-4789-A8AF-76F4CF108425}.Release|Any CPU.ActiveCfg = Release|Any CPU
		{817D68D8-4A45-4789-A8AF-76F4CF108425}.Release|Any CPU.Build.0 = Release|Any CPU
		{77C40037-D21D-410C-8A5B-8368BCB2090E}.Debug|Any CPU.ActiveCfg = Debug|Any CPU
		{77C40037-D21D-410C-8A5B-8368BCB2090E}.Debug|Any CPU.Build.0 = Debug|Any CPU
		{77C40037-D21D-410C-8A5B-8368BCB2090E}.Release|Any CPU.ActiveCfg = Release|Any CPU
		{77C40037-D21D-410C-8A5B-8368BCB2090E}.Release|Any CPU.Build.0 = Release|Any CPU
	EndGlobalSection
	GlobalSection(SolutionProperties) = preSolution
		HideSolutionNode = FALSE
	EndGlobalSection
EndGlobal
